
Microsoft Visual Studio Solution File, Format Version 12.00
# Visual Studio Version 16
VisualStudioVersion = 16.0.31624.102
MinimumVisualStudioVersion = 10.0.40219.1
Project("{FAE04EC0-301F-11D3-BF4B-00C04F79EFBC}") = "EmailChecker", "EmailChecker.csproj", "{D1EB511C-B592-44CB-97FA-AD6770443515}"
EndProject
Global
	GlobalSection(SolutionConfigurationPlatforms) = preSolution
		Debug|Any CPU = Debug|Any CPU
		Release|Any CPU = Release|Any CPU
	EndGlobalSection
	GlobalSection(ProjectConfigurationPlatforms) = postSolution
		{D1EB511C-B592-44CB-97FA-AD6770443515}.Debug|Any CPU.ActiveCfg = Debug|Any CPU
		{D1EB511C-B592-44CB-97FA-AD6770443515}.Debug|Any CPU.Build.0 = Debug|Any CPU
		{D1EB511C-B592-44CB-97FA-AD6770443515}.Release|Any CPU.ActiveCfg = Release|Any CPU
		{D1EB511C-B592-44CB-97FA-AD6770443515}.Release|Any CPU.Build.0 = Release|Any CPU
	EndGlobalSection
	GlobalSection(SolutionProperties) = preSolution
		HideSolutionNode = FALSE
	EndGlobalSection
	GlobalSection(ExtensibilityGlobals) = postSolution
		SolutionGuid = {42847272-CF51-4261-B987-65A0DC53A6EF}
	EndGlobalSection
EndGlobal
